// !$*UTF8*$!
{
	archiveVersion = 1;
	classes = {
	};
	objectVersion = 55;
	objects = {

/* Begin PBXBuildFile section */
		929DFF2927ABBFEF006E63D5 /* AppDelegate.swift in Sources */ = {isa = PBXBuildFile; fileRef = 929DFF2827ABBFEF006E63D5 /* AppDelegate.swift */; };
		929DFF2B27ABBFEF006E63D5 /* SceneDelegate.swift in Sources */ = {isa = PBXBuildFile; fileRef = 929DFF2A27ABBFEF006E63D5 /* SceneDelegate.swift */; };
		929DFF3027ABBFEF006E63D5 /* Main.storyboard in Resources */ = {isa = PBXBuildFile; fileRef = 929DFF2E27ABBFEF006E63D5 /* Main.storyboard */; };
		929DFF3327ABBFEF006E63D5 /* Good_News.xcdatamodeld in Sources */ = {isa = PBXBuildFile; fileRef = 929DFF3127ABBFEF006E63D5 /* Good_News.xcdatamodeld */; };
		929DFF3527ABBFF1006E63D5 /* Assets.xcassets in Resources */ = {isa = PBXBuildFile; fileRef = 929DFF3427ABBFF1006E63D5 /* Assets.xcassets */; };
		929DFF3827ABBFF1006E63D5 /* LaunchScreen.storyboard in Resources */ = {isa = PBXBuildFile; fileRef = 929DFF3627ABBFF1006E63D5 /* LaunchScreen.storyboard */; };
		929DFF4327ABBFF1006E63D5 /* Good_NewsTests.swift in Sources */ = {isa = PBXBuildFile; fileRef = 929DFF4227ABBFF1006E63D5 /* Good_NewsTests.swift */; };
		929DFF4D27ABBFF2006E63D5 /* Good_NewsUITests.swift in Sources */ = {isa = PBXBuildFile; fileRef = 929DFF4C27ABBFF2006E63D5 /* Good_NewsUITests.swift */; };
		929DFF4F27ABBFF2006E63D5 /* Good_NewsUITestsLaunchTests.swift in Sources */ = {isa = PBXBuildFile; fileRef = 929DFF4E27ABBFF2006E63D5 /* Good_NewsUITestsLaunchTests.swift */; };
		929DFF5D27ABC0D2006E63D5 /* NewsListViewController.swift in Sources */ = {isa = PBXBuildFile; fileRef = 929DFF5C27ABC0D2006E63D5 /* NewsListViewController.swift */; };
		929DFF6327ABD65B006E63D5 /* Webservices.swift in Sources */ = {isa = PBXBuildFile; fileRef = 929DFF6227ABD65B006E63D5 /* Webservices.swift */; };
		929DFF6627ABDB11006E63D5 /* Articles.swift in Sources */ = {isa = PBXBuildFile; fileRef = 929DFF6527ABDB11006E63D5 /* Articles.swift */; };
		929DFF6927ABE223006E63D5 /* ArticleViewModel.swift in Sources */ = {isa = PBXBuildFile; fileRef = 929DFF6827ABE223006E63D5 /* ArticleViewModel.swift */; };
		929DFF6C27ABEAD9006E63D5 /* ArticleViewCell.swift in Sources */ = {isa = PBXBuildFile; fileRef = 929DFF6B27ABEAD9006E63D5 /* ArticleViewCell.swift */; };
/* End PBXBuildFile section */

/* Begin PBXContainerItemProxy section */
		929DFF3F27ABBFF1006E63D5 /* PBXContainerItemProxy */ = {
			isa = PBXContainerItemProxy;
			containerPortal = 929DFF1D27ABBFEF006E63D5 /* Project object */;
			proxyType = 1;
			remoteGlobalIDString = 929DFF2427ABBFEF006E63D5;
			remoteInfo = "Good News";
		};
		929DFF4927ABBFF2006E63D5 /* PBXContainerItemProxy */ = {
			isa = PBXContainerItemProxy;
			containerPortal = 929DFF1D27ABBFEF006E63D5 /* Project object */;
			proxyType = 1;
			remoteGlobalIDString = 929DFF2427ABBFEF006E63D5;
			remoteInfo = "Good News";
		};
/* End PBXContainerItemProxy section */

/* Begin PBXFileReference section */
		929DFF2527ABBFEF006E63D5 /* Good News.app */ = {isa = PBXFileReference; explicitFileType = wrapper.application; includeInIndex = 0; path = "Good News.app"; sourceTree = BUILT_PRODUCTS_DIR; };
		929DFF2827ABBFEF006E63D5 /* AppDelegate.swift */ = {isa = PBXFileReference; lastKnownFileType = sourcecode.swift; path = AppDelegate.swift; sourceTree = "<group>"; };
		929DFF2A27ABBFEF006E63D5 /* SceneDelegate.swift */ = {isa = PBXFileReference; lastKnownFileType = sourcecode.swift; path = SceneDelegate.swift; sourceTree = "<group>"; };
		929DFF2F27ABBFEF006E63D5 /* Base */ = {isa = PBXFileReference; lastKnownFileType = file.storyboard; name = Base; path = Base.lproj/Main.storyboard; sourceTree = "<group>"; };
		929DFF3227ABBFEF006E63D5 /* Good_News.xcdatamodel */ = {isa = PBXFileReference; lastKnownFileType = wrapper.xcdatamodel; path = Good_News.xcdatamodel; sourceTree = "<group>"; };
		929DFF3427ABBFF1006E63D5 /* Assets.xcassets */ = {isa = PBXFileReference; lastKnownFileType = folder.assetcatalog; path = Assets.xcassets; sourceTree = "<group>"; };
		929DFF3727ABBFF1006E63D5 /* Base */ = {isa = PBXFileReference; lastKnownFileType = file.storyboard; name = Base; path = Base.lproj/LaunchScreen.storyboard; sourceTree = "<group>"; };
		929DFF3927ABBFF1006E63D5 /* Info.plist */ = {isa = PBXFileReference; lastKnownFileType = text.plist.xml; path = Info.plist; sourceTree = "<group>"; };
		929DFF3E27ABBFF1006E63D5 /* Good NewsTests.xctest */ = {isa = PBXFileReference; explicitFileType = wrapper.cfbundle; includeInIndex = 0; path = "Good NewsTests.xctest"; sourceTree = BUILT_PRODUCTS_DIR; };
		929DFF4227ABBFF1006E63D5 /* Good_NewsTests.swift */ = {isa = PBXFileReference; lastKnownFileType = sourcecode.swift; path = Good_NewsTests.swift; sourceTree = "<group>"; };
		929DFF4827ABBFF2006E63D5 /* Good NewsUITests.xctest */ = {isa = PBXFileReference; explicitFileType = wrapper.cfbundle; includeInIndex = 0; path = "Good NewsUITests.xctest"; sourceTree = BUILT_PRODUCTS_DIR; };
		929DFF4C27ABBFF2006E63D5 /* Good_NewsUITests.swift */ = {isa = PBXFileReference; lastKnownFileType = sourcecode.swift; path = Good_NewsUITests.swift; sourceTree = "<group>"; };
		929DFF4E27ABBFF2006E63D5 /* Good_NewsUITestsLaunchTests.swift */ = {isa = PBXFileReference; lastKnownFileType = sourcecode.swift; path = Good_NewsUITestsLaunchTests.swift; sourceTree = "<group>"; };
		929DFF5C27ABC0D2006E63D5 /* NewsListViewController.swift */ = {isa = PBXFileReference; lastKnownFileType = sourcecode.swift; path = NewsListViewController.swift; sourceTree = "<group>"; };
		929DFF6227ABD65B006E63D5 /* Webservices.swift */ = {isa = PBXFileReference; fileEncoding = 4; lastKnownFileType = sourcecode.swift; path = Webservices.swift; sourceTree = "<group>"; };
		929DFF6527ABDB11006E63D5 /* Articles.swift */ = {isa = PBXFileReference; lastKnownFileType = sourcecode.swift; path = Articles.swift; sourceTree = "<group>"; };
		929DFF6827ABE223006E63D5 /* ArticleViewModel.swift */ = {isa = PBXFileReference; lastKnownFileType = sourcecode.swift; path = ArticleViewModel.swift; sourceTree = "<group>"; };
		929DFF6B27ABEAD9006E63D5 /* ArticleViewCell.swift */ = {isa = PBXFileReference; lastKnownFileType = sourcecode.swift; path = ArticleViewCell.swift; sourceTree = "<group>"; };
/* End PBXFileReference section */

/* Begin PBXFrameworksBuildPhase section */
		929DFF2227ABBFEF006E63D5 /* Frameworks */ = {
			isa = PBXFrameworksBuildPhase;
			buildActionMask = 2147483647;
			files = (
			);
			runOnlyForDeploymentPostprocessing = 0;
		};
		929DFF3B27ABBFF1006E63D5 /* Frameworks */ = {
			isa = PBXFrameworksBuildPhase;
			buildActionMask = 2147483647;
			files = (
			);
			runOnlyForDeploymentPostprocessing = 0;
		};
		929DFF4527ABBFF2006E63D5 /* Frameworks */ = {
			isa = PBXFrameworksBuildPhase;
			buildActionMask = 2147483647;
			files = (
			);
			runOnlyForDeploymentPostprocessing = 0;
		};
/* End PBXFrameworksBuildPhase section */

/* Begin PBXGroup section */
		929DFF1C27ABBFEF006E63D5 = {
			isa = PBXGroup;
			children = (
				929DFF2727ABBFEF006E63D5 /* Good News */,
				929DFF4127ABBFF1006E63D5 /* Good NewsTests */,
				929DFF4B27ABBFF2006E63D5 /* Good NewsUITests */,
				929DFF2627ABBFEF006E63D5 /* Products */,
			);
			sourceTree = "<group>";
		};
		929DFF2627ABBFEF006E63D5 /* Products */ = {
			isa = PBXGroup;
			children = (
				929DFF2527ABBFEF006E63D5 /* Good News.app */,
				929DFF3E27ABBFF1006E63D5 /* Good NewsTests.xctest */,
				929DFF4827ABBFF2006E63D5 /* Good NewsUITests.xctest */,
			);
			name = Products;
			sourceTree = "<group>";
		};
		929DFF2727ABBFEF006E63D5 /* Good News */ = {
			isa = PBXGroup;
			children = (
				929DFF6A27ABEAB0006E63D5 /* Cell */,
				929DFF6727ABE0B9006E63D5 /* ViewModels */,
				929DFF6427ABD6C3006E63D5 /* Models */,
				929DFF6127ABD65B006E63D5 /* Services */,
				929DFF5B27ABC084006E63D5 /* Controllers */,
				929DFF2827ABBFEF006E63D5 /* AppDelegate.swift */,
				929DFF2A27ABBFEF006E63D5 /* SceneDelegate.swift */,
				929DFF2E27ABBFEF006E63D5 /* Main.storyboard */,
				929DFF3427ABBFF1006E63D5 /* Assets.xcassets */,
				929DFF3627ABBFF1006E63D5 /* LaunchScreen.storyboard */,
				929DFF3927ABBFF1006E63D5 /* Info.plist */,
				929DFF3127ABBFEF006E63D5 /* Good_News.xcdatamodeld */,
			);
			path = "Good News";
			sourceTree = "<group>";
		};
		929DFF4127ABBFF1006E63D5 /* Good NewsTests */ = {
			isa = PBXGroup;
			children = (
				929DFF4227ABBFF1006E63D5 /* Good_NewsTests.swift */,
			);
			path = "Good NewsTests";
			sourceTree = "<group>";
		};
		929DFF4B27ABBFF2006E63D5 /* Good NewsUITests */ = {
			isa = PBXGroup;
			children = (
				929DFF4C27ABBFF2006E63D5 /* Good_NewsUITests.swift */,
				929DFF4E27ABBFF2006E63D5 /* Good_NewsUITestsLaunchTests.swift */,
			);
			path = "Good NewsUITests";
			sourceTree = "<group>";
		};
		929DFF5B27ABC084006E63D5 /* Controllers */ = {
			isa = PBXGroup;
			children = (
				929DFF5C27ABC0D2006E63D5 /* NewsListViewController.swift */,
			);
			path = Controllers;
			sourceTree = "<group>";
		};
		929DFF6127ABD65B006E63D5 /* Services */ = {
			isa = PBXGroup;
			children = (
				929DFF6227ABD65B006E63D5 /* Webservices.swift */,
			);
			path = Services;
			sourceTree = "<group>";
		};
		929DFF6427ABD6C3006E63D5 /* Models */ = {
			isa = PBXGroup;
			children = (
				929DFF6527ABDB11006E63D5 /* Articles.swift */,
			);
			path = Models;
			sourceTree = "<group>";
		};
		929DFF6727ABE0B9006E63D5 /* ViewModels */ = {
			isa = PBXGroup;
			children = (
				929DFF6827ABE223006E63D5 /* ArticleViewModel.swift */,
			);
			path = ViewModels;
			sourceTree = "<group>";
		};
		929DFF6A27ABEAB0006E63D5 /* Cell */ = {
			isa = PBXGroup;
			children = (
				929DFF6B27ABEAD9006E63D5 /* ArticleViewCell.swift */,
			);
			path = Cell;
			sourceTree = "<group>";
		};
/* End PBXGroup section */

/* Begin PBXNativeTarget section */
		929DFF2427ABBFEF006E63D5 /* Good News */ = {
			isa = PBXNativeTarget;
			buildConfigurationList = 929DFF5227ABBFF2006E63D5 /* Build configuration list for PBXNativeTarget "Good News" */;
			buildPhases = (
				929DFF2127ABBFEF006E63D5 /* Sources */,
				929DFF2227ABBFEF006E63D5 /* Frameworks */,
				929DFF2327ABBFEF006E63D5 /* Resources */,
			);
			buildRules = (
			);
			dependencies = (
			);
			name = "Good News";
			productName = "Good News";
			productReference = 929DFF2527ABBFEF006E63D5 /* Good News.app */;
			productType = "com.apple.product-type.application";
		};
		929DFF3D27ABBFF1006E63D5 /* Good NewsTests */ = {
			isa = PBXNativeTarget;
			buildConfigurationList = 929DFF5527ABBFF2006E63D5 /* Build configuration list for PBXNativeTarget "Good NewsTests" */;
			buildPhases = (
				929DFF3A27ABBFF1006E63D5 /* Sources */,
				929DFF3B27ABBFF1006E63D5 /* Frameworks */,
				929DFF3C27ABBFF1006E63D5 /* Resources */,
			);
			buildRules = (
			);
			dependencies = (
				929DFF4027ABBFF1006E63D5 /* PBXTargetDependency */,
			);
			name = "Good NewsTests";
			productName = "Good NewsTests";
			productReference = 929DFF3E27ABBFF1006E63D5 /* Good NewsTests.xctest */;
			productType = "com.apple.product-type.bundle.unit-test";
		};
		929DFF4727ABBFF2006E63D5 /* Good NewsUITests */ = {
			isa = PBXNativeTarget;
			buildConfigurationList = 929DFF5827ABBFF2006E63D5 /* Build configuration list for PBXNativeTarget "Good NewsUITests" */;
			buildPhases = (
				929DFF4427ABBFF2006E63D5 /* Sources */,
				929DFF4527ABBFF2006E63D5 /* Frameworks */,
				929DFF4627ABBFF2006E63D5 /* Resources */,
			);
			buildRules = (
			);
			dependencies = (
				929DFF4A27ABBFF2006E63D5 /* PBXTargetDependency */,
			);
			name = "Good NewsUITests";
			productName = "Good NewsUITests";
			productReference = 929DFF4827ABBFF2006E63D5 /* Good NewsUITests.xctest */;
			productType = "com.apple.product-type.bundle.ui-testing";
		};
/* End PBXNativeTarget section */

/* Begin PBXProject section */
		929DFF1D27ABBFEF006E63D5 /* Project object */ = {
			isa = PBXProject;
			attributes = {
				BuildIndependentTargetsInParallel = 1;
				LastSwiftUpdateCheck = 1320;
				LastUpgradeCheck = 1320;
				TargetAttributes = {
					929DFF2427ABBFEF006E63D5 = {
						CreatedOnToolsVersion = 13.2.1;
					};
					929DFF3D27ABBFF1006E63D5 = {
						CreatedOnToolsVersion = 13.2.1;
						TestTargetID = 929DFF2427ABBFEF006E63D5;
					};
					929DFF4727ABBFF2006E63D5 = {
						CreatedOnToolsVersion = 13.2.1;
						TestTargetID = 929DFF2427ABBFEF006E63D5;
					};
				};
			};
			buildConfigurationList = 929DFF2027ABBFEF006E63D5 /* Build configuration list for PBXProject "Good News" */;
			compatibilityVersion = "Xcode 13.0";
			developmentRegion = en;
			hasScannedForEncodings = 0;
			knownRegions = (
				en,
				Base,
			);
			mainGroup = 929DFF1C27ABBFEF006E63D5;
			productRefGroup = 929DFF2627ABBFEF006E63D5 /* Products */;
			projectDirPath = "";
			projectRoot = "";
			targets = (
				929DFF2427ABBFEF006E63D5 /* Good News */,
				929DFF3D27ABBFF1006E63D5 /* Good NewsTests */,
				929DFF4727ABBFF2006E63D5 /* Good NewsUITests */,
			);
		};
/* End PBXProject section */

/* Begin PBXResourcesBuildPhase section */
		929DFF2327ABBFEF006E63D5 /* Resources */ = {
			isa = PBXResourcesBuildPhase;
			buildActionMask = 2147483647;
			files = (
				929DFF3827ABBFF1006E63D5 /* LaunchScreen.storyboard in Resources */,
				929DFF3527ABBFF1006E63D5 /* Assets.xcassets in Resources */,
				929DFF3027ABBFEF006E63D5 /* Main.storyboard in Resources */,
			);
			runOnlyForDeploymentPostprocessing = 0;
		};
		929DFF3C27ABBFF1006E63D5 /* Resources */ = {
			isa = PBXResourcesBuildPhase;
			buildActionMask = 2147483647;
			files = (
			);
			runOnlyForDeploymentPostprocessing = 0;
		};
		929DFF4627ABBFF2006E63D5 /* Resources */ = {
			isa = PBXResourcesBuildPhase;
			buildActionMask = 2147483647;
			files = (
			);
			runOnlyForDeploymentPostprocessing = 0;
		};
/* End PBXResourcesBuildPhase section */

/* Begin PBXSourcesBuildPhase section */
		929DFF2127ABBFEF006E63D5 /* Sources */ = {
			isa = PBXSourcesBuildPhase;
			buildActionMask = 2147483647;
			files = (
				929DFF6327ABD65B006E63D5 /* Webservices.swift in Sources */,
				929DFF2927ABBFEF006E63D5 /* AppDelegate.swift in Sources */,
				929DFF2B27ABBFEF006E63D5 /* SceneDelegate.swift in Sources */,
				929DFF3327ABBFEF006E63D5 /* Good_News.xcdatamodeld in Sources */,
				929DFF6927ABE223006E63D5 /* ArticleViewModel.swift in Sources */,
				929DFF6627ABDB11006E63D5 /* Articles.swift in Sources */,
				929DFF5D27ABC0D2006E63D5 /* NewsListViewController.swift in Sources */,
				929DFF6C27ABEAD9006E63D5 /* ArticleViewCell.swift in Sources */,
			);
			runOnlyForDeploymentPostprocessing = 0;
		};
		929DFF3A27ABBFF1006E63D5 /* Sources */ = {
			isa = PBXSourcesBuildPhase;
			buildActionMask = 2147483647;
			files = (
				929DFF4327ABBFF1006E63D5 /* Good_NewsTests.swift in Sources */,
			);
			runOnlyForDeploymentPostprocessing = 0;
		};
		929DFF4427ABBFF2006E63D5 /* Sources */ = {
			isa = PBXSourcesBuildPhase;
			buildActionMask = 2147483647;
			files = (
				929DFF4F27ABBFF2006E63D5 /* Good_NewsUITestsLaunchTests.swift in Sources */,
				929DFF4D27ABBFF2006E63D5 /* Good_NewsUITests.swift in Sources */,
			);
			runOnlyForDeploymentPostprocessing = 0;
		};
/* End PBXSourcesBuildPhase section */

/* Begin PBXTargetDependency section */
		929DFF4027ABBFF1006E63D5 /* PBXTargetDependency */ = {
			isa = PBXTargetDependency;
			target = 929DFF2427ABBFEF006E63D5 /* Good News */;
			targetProxy = 929DFF3F27ABBFF1006E63D5 /* PBXContainerItemProxy */;
		};
		929DFF4A27ABBFF2006E63D5 /* PBXTargetDependency */ = {
			isa = PBXTargetDependency;
			target = 929DFF2427ABBFEF006E63D5 /* Good News */;
			targetProxy = 929DFF4927ABBFF2006E63D5 /* PBXContainerItemProxy */;
		};
/* End PBXTargetDependency section */

/* Begin PBXVariantGroup section */
		929DFF2E27ABBFEF006E63D5 /* Main.storyboard */ = {
			isa = PBXVariantGroup;
			children = (
				929DFF2F27ABBFEF006E63D5 /* Base */,
			);
			name = Main.storyboard;
			sourceTree = "<group>";
		};
		929DFF3627ABBFF1006E63D5 /* LaunchScreen.storyboard */ = {
			isa = PBXVariantGroup;
			children = (
				929DFF3727ABBFF1006E63D5 /* Base */,
			);
			name = LaunchScreen.storyboard;
			sourceTree = "<group>";
		};
/* End PBXVariantGroup section */

/* Begin XCBuildConfiguration section */
		929DFF5027ABBFF2006E63D5 /* Debug */ = {
			isa = XCBuildConfiguration;
			buildSettings = {
				ALWAYS_SEARCH_USER_PATHS = NO;
				CLANG_ANALYZER_NONNULL = YES;
				CLANG_ANALYZER_NUMBER_OBJECT_CONVERSION = YES_AGGRESSIVE;
				CLANG_CXX_LANGUAGE_STANDARD = "gnu++17";
				CLANG_CXX_LIBRARY = "libc++";
				CLANG_ENABLE_MODULES = YES;
				CLANG_ENABLE_OBJC_ARC = YES;
				CLANG_ENABLE_OBJC_WEAK = YES;
				CLANG_WARN_BLOCK_CAPTURE_AUTORELEASING = YES;
				CLANG_WARN_BOOL_CONVERSION = YES;
				CLANG_WARN_COMMA = YES;
				CLANG_WARN_CONSTANT_CONVERSION = YES;
				CLANG_WARN_DEPRECATED_OBJC_IMPLEMENTATIONS = YES;
				CLANG_WARN_DIRECT_OBJC_ISA_USAGE = YES_ERROR;
				CLANG_WARN_DOCUMENTATION_COMMENTS = YES;
				CLANG_WARN_EMPTY_BODY = YES;
				CLANG_WARN_ENUM_CONVERSION = YES;
				CLANG_WARN_INFINITE_RECURSION = YES;
				CLANG_WARN_INT_CONVERSION = YES;
				CLANG_WARN_NON_LITERAL_NULL_CONVERSION = YES;
				CLANG_WARN_OBJC_IMPLICIT_RETAIN_SELF = YES;
				CLANG_WARN_OBJC_LITERAL_CONVERSION = YES;
				CLANG_WARN_OBJC_ROOT_CLASS = YES_ERROR;
				CLANG_WARN_QUOTED_INCLUDE_IN_FRAMEWORK_HEADER = YES;
				CLANG_WARN_RANGE_LOOP_ANALYSIS = YES;
				CLANG_WARN_STRICT_PROTOTYPES = YES;
				CLANG_WARN_SUSPICIOUS_MOVE = YES;
				CLANG_WARN_UNGUARDED_AVAILABILITY = YES_AGGRESSIVE;
				CLANG_WARN_UNREACHABLE_CODE = YES;
				CLANG_WARN__DUPLICATE_METHOD_MATCH = YES;
				COPY_PHASE_STRIP = NO;
				DEBUG_INFORMATION_FORMAT = dwarf;
				ENABLE_STRICT_OBJC_MSGSEND = YES;
				ENABLE_TESTABILITY = YES;
				GCC_C_LANGUAGE_STANDARD = gnu11;
				GCC_DYNAMIC_NO_PIC = NO;
				GCC_NO_COMMON_BLOCKS = YES;
				GCC_OPTIMIZATION_LEVEL = 0;
				GCC_PREPROCESSOR_DEFINITIONS = (
					"DEBUG=1",
					"$(inherited)",
				);
				GCC_WARN_64_TO_32_BIT_CONVERSION = YES;
				GCC_WARN_ABOUT_RETURN_TYPE = YES_ERROR;
				GCC_WARN_UNDECLARED_SELECTOR = YES;
				GCC_WARN_UNINITIALIZED_AUTOS = YES_AGGRESSIVE;
				GCC_WARN_UNUSED_FUNCTION = YES;
				GCC_WARN_UNUSED_VARIABLE = YES;
				IPHONEOS_DEPLOYMENT_TARGET = 15.2;
				MTL_ENABLE_DEBUG_INFO = INCLUDE_SOURCE;
				MTL_FAST_MATH = YES;
				ONLY_ACTIVE_ARCH = YES;
				SDKROOT = iphoneos;
				SWIFT_ACTIVE_COMPILATION_CONDITIONS = DEBUG;
				SWIFT_OPTIMIZATION_LEVEL = "-Onone";
			};
			name = Debug;
		};
		929DFF5127ABBFF2006E63D5 /* Release */ = {
			isa = XCBuildConfiguration;
			buildSettings = {
				ALWAYS_SEARCH_USER_PATHS = NO;
				CLANG_ANALYZER_NONNULL = YES;
				CLANG_ANALYZER_NUMBER_OBJECT_CONVERSION = YES_AGGRESSIVE;
				CLANG_CXX_LANGUAGE_STANDARD = "gnu++17";
				CLANG_CXX_LIBRARY = "libc++";
				CLANG_ENABLE_MODULES = YES;
				CLANG_ENABLE_OBJC_ARC = YES;
				CLANG_ENABLE_OBJC_WEAK = YES;
				CLANG_WARN_BLOCK_CAPTURE_AUTORELEASING = YES;
				CLANG_WARN_BOOL_CONVERSION = YES;
				CLANG_WARN_COMMA = YES;
				CLANG_WARN_CONSTANT_CONVERSION = YES;
				CLANG_WARN_DEPRECATED_OBJC_IMPLEMENTATIONS = YES;
				CLANG_WARN_DIRECT_OBJC_ISA_USAGE = YES_ERROR;
				CLANG_WARN_DOCUMENTATION_COMMENTS = YES;
				CLANG_WARN_EMPTY_BODY = YES;
				CLANG_WARN_ENUM_CONVERSION = YES;
				CLANG_WARN_INFINITE_RECURSION = YES;
				CLANG_WARN_INT_CONVERSION = YES;
				CLANG_WARN_NON_LITERAL_NULL_CONVERSION = YES;
				CLANG_WARN_OBJC_IMPLICIT_RETAIN_SELF = YES;
				CLANG_WARN_OBJC_LITERAL_CONVERSION = YES;
				CLANG_WARN_OBJC_ROOT_CLASS = YES_ERROR;
				CLANG_WARN_QUOTED_INCLUDE_IN_FRAMEWORK_HEADER = YES;
				CLANG_WARN_RANGE_LOOP_ANALYSIS = YES;
				CLANG_WARN_STRICT_PROTOTYPES = YES;
				CLANG_WARN_SUSPICIOUS_MOVE = YES;
				CLANG_WARN_UNGUARDED_AVAILABILITY = YES_AGGRESSIVE;
				CLANG_WARN_UNREACHABLE_CODE = YES;
				CLANG_WARN__DUPLICATE_METHOD_MATCH = YES;
				COPY_PHASE_STRIP = NO;
				DEBUG_INFORMATION_FORMAT = "dwarf-with-dsym";
				ENABLE_NS_ASSERTIONS = NO;
				ENABLE_STRICT_OBJC_MSGSEND = YES;
				GCC_C_LANGUAGE_STANDARD = gnu11;
				GCC_NO_COMMON_BLOCKS = YES;
				GCC_WARN_64_TO_32_BIT_CONVERSION = YES;
				GCC_WARN_ABOUT_RETURN_TYPE = YES_ERROR;
				GCC_WARN_UNDECLARED_SELECTOR = YES;
				GCC_WARN_UNINITIALIZED_AUTOS = YES_AGGRESSIVE;
				GCC_WARN_UNUSED_FUNCTION = YES;
				GCC_WARN_UNUSED_VARIABLE = YES;
				IPHONEOS_DEPLOYMENT_TARGET = 15.2;
				MTL_ENABLE_DEBUG_INFO = NO;
				MTL_FAST_MATH = YES;
				SDKROOT = iphoneos;
				SWIFT_COMPILATION_MODE = wholemodule;
				SWIFT_OPTIMIZATION_LEVEL = "-O";
				VALIDATE_PRODUCT = YES;
			};
			name = Release;
		};
		929DFF5327ABBFF2006E63D5 /* Debug */ = {
			isa = XCBuildConfiguration;
			buildSettings = {
				ASSETCATALOG_COMPILER_APPICON_NAME = AppIcon;
				ASSETCATALOG_COMPILER_GLOBAL_ACCENT_COLOR_NAME = AccentColor;
				CODE_SIGN_STYLE = Manual;
				CURRENT_PROJECT_VERSION = 1;
				DEVELOPMENT_TEAM = "";
				GENERATE_INFOPLIST_FILE = YES;
				INFOPLIST_FILE = "Top News/Info.plist";
				INFOPLIST_KEY_UIApplicationSupportsIndirectInputEvents = YES;
				INFOPLIST_KEY_UILaunchStoryboardName = LaunchScreen;
				INFOPLIST_KEY_UIMainStoryboardFile = Main;
				INFOPLIST_KEY_UIStatusBarHidden = NO;
				INFOPLIST_KEY_UISupportedInterfaceOrientations = "UIInterfaceOrientationPortrait UIInterfaceOrientationPortraitUpsideDown";
				INFOPLIST_KEY_UISupportedInterfaceOrientations_iPad = "UIInterfaceOrientationPortrait UIInterfaceOrientationPortraitUpsideDown UIInterfaceOrientationLandscapeLeft UIInterfaceOrientationLandscapeRight";
				INFOPLIST_KEY_UISupportedInterfaceOrientations_iPhone = "UIInterfaceOrientationPortrait UIInterfaceOrientationLandscapeLeft UIInterfaceOrientationLandscapeRight";
				LD_RUNPATH_SEARCH_PATHS = (
					"$(inherited)",
					"@executable_path/Frameworks",
				);
				MARKETING_VERSION = 1.0;
				PRODUCT_BUNDLE_IDENTIFIER = com.rachitiOS.goodNews;
				PRODUCT_NAME = "$(TARGET_NAME)";
				PROVISIONING_PROFILE_SPECIFIER = "";
				SWIFT_EMIT_LOC_STRINGS = YES;
				SWIFT_VERSION = 5.0;
				TARGETED_DEVICE_FAMILY = 1;
			};
			name = Debug;
		};
		929DFF5427ABBFF2006E63D5 /* Release */ = {
			isa = XCBuildConfiguration;
			buildSettings = {
				ASSETCATALOG_COMPILER_APPICON_NAME = AppIcon;
				ASSETCATALOG_COMPILER_GLOBAL_ACCENT_COLOR_NAME = AccentColor;
				CODE_SIGN_STYLE = Manual;
				CURRENT_PROJECT_VERSION = 1;
				DEVELOPMENT_TEAM = "";
				GENERATE_INFOPLIST_FILE = YES;
				INFOPLIST_FILE = "Top News/Info.plist";
				INFOPLIST_KEY_UIApplicationSupportsIndirectInputEvents = YES;
				INFOPLIST_KEY_UILaunchStoryboardName = LaunchScreen;
				INFOPLIST_KEY_UIMainStoryboardFile = Main;
				INFOPLIST_KEY_UIStatusBarHidden = NO;
				INFOPLIST_KEY_UISupportedInterfaceOrientations = "UIInterfaceOrientationPortrait UIInterfaceOrientationPortraitUpsideDown";
				INFOPLIST_KEY_UISupportedInterfaceOrientations_iPad = "UIInterfaceOrientationPortrait UIInterfaceOrientationPortraitUpsideDown UIInterfaceOrientationLandscapeLeft UIInterfaceOrientationLandscapeRight";
				INFOPLIST_KEY_UISupportedInterfaceOrientations_iPhone = "UIInterfaceOrientationPortrait UIInterfaceOrientationLandscapeLeft UIInterfaceOrientationLandscapeRight";
				LD_RUNPATH_SEARCH_PATHS = (
					"$(inherited)",
					"@executable_path/Frameworks",
				);
				MARKETING_VERSION = 1.0;
				PRODUCT_BUNDLE_IDENTIFIER = com.rachitiOS.goodNews;
				PRODUCT_NAME = "$(TARGET_NAME)";
				PROVISIONING_PROFILE_SPECIFIER = "";
				SWIFT_EMIT_LOC_STRINGS = YES;
				SWIFT_VERSION = 5.0;
				TARGETED_DEVICE_FAMILY = 1;
			};
			name = Release;
		};
		929DFF5627ABBFF2006E63D5 /* Debug */ = {
			isa = XCBuildConfiguration;
			buildSettings = {
				ALWAYS_EMBED_SWIFT_STANDARD_LIBRARIES = YES;
				BUNDLE_LOADER = "$(TEST_HOST)";
				CODE_SIGN_STYLE = Automatic;
				CURRENT_PROJECT_VERSION = 1;
				GENERATE_INFOPLIST_FILE = YES;
				IPHONEOS_DEPLOYMENT_TARGET = 15.2;
				MARKETING_VERSION = 1.0;
				PRODUCT_BUNDLE_IDENTIFIER = "com.honeywellSecure.com.Good-NewsTests";
				PRODUCT_NAME = "$(TARGET_NAME)";
				SWIFT_EMIT_LOC_STRINGS = NO;
				SWIFT_VERSION = 5.0;
				TARGETED_DEVICE_FAMILY = "1,2";
				TEST_HOST = "$(BUILT_PRODUCTS_DIR)/Good News.app/Good News";
			};
			name = Debug;
		};
		929DFF5727ABBFF2006E63D5 /* Release */ = {
			isa = XCBuildConfiguration;
			buildSettings = {
				ALWAYS_EMBED_SWIFT_STANDARD_LIBRARIES = YES;
				BUNDLE_LOADER = "$(TEST_HOST)";
				CODE_SIGN_STYLE = Automatic;
				CURRENT_PROJECT_VERSION = 1;
				GENERATE_INFOPLIST_FILE = YES;
				IPHONEOS_DEPLOYMENT_TARGET = 15.2;
				MARKETING_VERSION = 1.0;
				PRODUCT_BUNDLE_IDENTIFIER = "com.honeywellSecure.com.Good-NewsTests";
				PRODUCT_NAME = "$(TARGET_NAME)";
				SWIFT_EMIT_LOC_STRINGS = NO;
				SWIFT_VERSION = 5.0;
				TARGETED_DEVICE_FAMILY = "1,2";
				TEST_HOST = "$(BUILT_PRODUCTS_DIR)/Good News.app/Good News";
			};
			name = Release;
		};
		929DFF5927ABBFF2006E63D5 /* Debug */ = {
			isa = XCBuildConfiguration;
			buildSettings = {
				ALWAYS_EMBED_SWIFT_STANDARD_LIBRARIES = YES;
				CODE_SIGN_STYLE = Automatic;
				CURRENT_PROJECT_VERSION = 1;
				GENERATE_INFOPLIST_FILE = YES;
				MARKETING_VERSION = 1.0;
				PRODUCT_BUNDLE_IDENTIFIER = "com.honeywellSecure.com.Good-NewsUITests";
				PRODUCT_NAME = "$(TARGET_NAME)";
				SWIFT_EMIT_LOC_STRINGS = NO;
				SWIFT_VERSION = 5.0;
				TARGETED_DEVICE_FAMILY = "1,2";
				TEST_TARGET_NAME = "Good News";
			};
			name = Debug;
		};
		929DFF5A27ABBFF2006E63D5 /* Release */ = {
			isa = XCBuildConfiguration;
			buildSettings = {
				ALWAYS_EMBED_SWIFT_STANDARD_LIBRARIES = YES;
				CODE_SIGN_STYLE = Automatic;
				CURRENT_PROJECT_VERSION = 1;
				GENERATE_INFOPLIST_FILE = YES;
				MARKETING_VERSION = 1.0;
				PRODUCT_BUNDLE_IDENTIFIER = "com.honeywellSecure.com.Good-NewsUITests";
				PRODUCT_NAME = "$(TARGET_NAME)";
				SWIFT_EMIT_LOC_STRINGS = NO;
				SWIFT_VERSION = 5.0;
				TARGETED_DEVICE_FAMILY = "1,2";
				TEST_TARGET_NAME = "Good News";
			};
			name = Release;
		};
/* End XCBuildConfiguration section */

/* Begin XCConfigurationList section */
		929DFF2027ABBFEF006E63D5 /* Build configuration list for PBXProject "Good News" */ = {
			isa = XCConfigurationList;
			buildConfigurations = (
				929DFF5027ABBFF2006E63D5 /* Debug */,
				929DFF5127ABBFF2006E63D5 /* Release */,
			);
			defaultConfigurationIsVisible = 0;
			defaultConfigurationName = Release;
		};
		929DFF5227ABBFF2006E63D5 /* Build configuration list for PBXNativeTarget "Good News" */ = {
			isa = XCConfigurationList;
			buildConfigurations = (
				929DFF5327ABBFF2006E63D5 /* Debug */,
				929DFF5427ABBFF2006E63D5 /* Release */,
			);
			defaultConfigurationIsVisible = 0;
			defaultConfigurationName = Release;
		};
		929DFF5527ABBFF2006E63D5 /* Build configuration list for PBXNativeTarget "Good NewsTests" */ = {
			isa = XCConfigurationList;
			buildConfigurations = (
				929DFF5627ABBFF2006E63D5 /* Debug */,
				929DFF5727ABBFF2006E63D5 /* Release */,
			);
			defaultConfigurationIsVisible = 0;
			defaultConfigurationName = Release;
		};
		929DFF5827ABBFF2006E63D5 /* Build configuration list for PBXNativeTarget "Good NewsUITests" */ = {
			isa = XCConfigurationList;
			buildConfigurations = (
				929DFF5927ABBFF2006E63D5 /* Debug */,
				929DFF5A27ABBFF2006E63D5 /* Release */,
			);
			defaultConfigurationIsVisible = 0;
			defaultConfigurationName = Release;
		};
/* End XCConfigurationList section */

/* Begin XCVersionGroup section */
		929DFF3127ABBFEF006E63D5 /* Good_News.xcdatamodeld */ = {
			isa = XCVersionGroup;
			children = (
				929DFF3227ABBFEF006E63D5 /* Good_News.xcdatamodel */,
			);
			currentVersion = 929DFF3227ABBFEF006E63D5 /* Good_News.xcdatamodel */;
			path = Good_News.xcdatamodeld;
			sourceTree = "<group>";
			versionGroupType = wrapper.xcdatamodel;
		};
/* End XCVersionGroup section */
	};
	rootObject = 929DFF1D27ABBFEF006E63D5 /* Project object */;
}
